
Microsoft Visual Studio Solution File, Format Version 12.00
# Visual Studio Version 17
VisualStudioVersion = 17.11.35222.181
MinimumVisualStudioVersion = 10.0.40219.1
Project("{FAE04EC0-301F-11D3-BF4B-00C04F79EFBC}") = "PageObject_Practice", "tests\PageObject_Practice\PageObject_Practice.csproj", "{4CB63E96-07E1-4E81-8D5D-B022ECE8A92C}"
EndProject
Global
	GlobalSection(SolutionConfigurationPlatforms) = preSolution
		Debug|Any CPU = Debug|Any CPU
		Release|Any CPU = Release|Any CPU
	EndGlobalSection
	GlobalSection(ProjectConfigurationPlatforms) = postSolution
		{4CB63E96-07E1-4E81-8D5D-B022ECE8A92C}.Debug|Any CPU.ActiveCfg = Debug|Any CPU
		{4CB63E96-07E1-4E81-8D5D-B022ECE8A92C}.Debug|Any CPU.Build.0 = Debug|Any CPU
		{4CB63E96-07E1-4E81-8D5D-B022ECE8A92C}.Release|Any CPU.ActiveCfg = Release|Any CPU
		{4CB63E96-07E1-4E81-8D5D-B022ECE8A92C}.Release|Any CPU.Build.0 = Release|Any CPU
	EndGlobalSection
	GlobalSection(SolutionProperties) = preSolution
		HideSolutionNode = FALSE
	EndGlobalSection
	GlobalSection(ExtensibilityGlobals) = postSolution
		SolutionGuid = {EE91FDBB-8AE2-4B2F-B828-C821A5A06EB0}
	EndGlobalSection
EndGlobal
